
Microsoft Visual Studio Solution File, Format Version 12.00
# Visual Studio Version 17
VisualStudioVersion = 17.1.32319.34
MinimumVisualStudioVersion = 10.0.40219.1
Project("{9A19103F-16F7-4668-BE54-9A1E7A4F7556}") = "MottoUI", "MottoUI\MottoUI.csproj", "{8E51BEB8-F2A8-427F-9CAD-2693ED1F7C65}"
EndProject
Project("{9A19103F-16F7-4668-BE54-9A1E7A4F7556}") = "MottoUI.BusinessLayer", "MottoUI.BusinessLayer\MottoUI.BusinessLayer.csproj", "{CE0DC4DF-20EF-4783-9806-1F89BFAC44F3}"
EndProject
Project("{9A19103F-16F7-4668-BE54-9A1E7A4F7556}") = "MottoUI.CoreLayer", "MottoUI.CoreLayer\MottoUI.CoreLayer.csproj", "{8364E4FD-132A-4140-8296-717971450B8C}"
EndProject
Project("{9A19103F-16F7-4668-BE54-9A1E7A4F7556}") = "MottoUI.DataAccessLayer", "MottoUI.DataAccessLayer\MottoUI.DataAccessLayer.csproj", "{BF167694-796D-4036-93F0-21AF4593F5D3}"
EndProject
Project("{9A19103F-16F7-4668-BE54-9A1E7A4F7556}") = "MottoUI.EntityLayer", "MottoUI.EntityLayer\MottoUI.EntityLayer.csproj", "{9BD3A3D3-2C87-42E8-BDB5-B9567937C6B9}"
EndProject
Project("{FAE04EC0-301F-11D3-BF4B-00C04F79EFBC}") = "MottoUI.Api", "MottoUI.Api\MottoUI.Api.csproj", "{830520E7-FEF6-48B4-B2A8-3D1E85A1787F}"
EndProject
Global
	GlobalSection(SolutionConfigurationPlatforms) = preSolution
		Debug|Any CPU = Debug|Any CPU
		Release|Any CPU = Release|Any CPU
	EndGlobalSection
	GlobalSection(ProjectConfigurationPlatforms) = postSolution
		{8E51BEB8-F2A8-427F-9CAD-2693ED1F7C65}.Debug|Any CPU.ActiveCfg = Debug|Any CPU
		{8E51BEB8-F2A8-427F-9CAD-2693ED1F7C65}.Debug|Any CPU.Build.0 = Debug|Any CPU
		{8E51BEB8-F2A8-427F-9CAD-2693ED1F7C65}.Release|Any CPU.ActiveCfg = Release|Any CPU
		{8E51BEB8-F2A8-427F-9CAD-2693ED1F7C65}.Release|Any CPU.Build.0 = Release|Any CPU
		{CE0DC4DF-20EF-4783-9806-1F89BFAC44F3}.Debug|Any CPU.ActiveCfg = Debug|Any CPU
		{CE0DC4DF-20EF-4783-9806-1F89BFAC44F3}.Debug|Any CPU.Build.0 = Debug|Any CPU
		{CE0DC4DF-20EF-4783-9806-1F89BFAC44F3}.Release|Any CPU.ActiveCfg = Release|Any CPU
		{CE0DC4DF-20EF-4783-9806-1F89BFAC44F3}.Release|Any CPU.Build.0 = Release|Any CPU
		{8364E4FD-132A-4140-8296-717971450B8C}.Debug|Any CPU.ActiveCfg = Debug|Any CPU
		{8364E4FD-132A-4140-8296-717971450B8C}.Debug|Any CPU.Build.0 = Debug|Any CPU
		{8364E4FD-132A-4140-8296-717971450B8C}.Release|Any CPU.ActiveCfg = Release|Any CPU
		{8364E4FD-132A-4140-8296-717971450B8C}.Release|Any CPU.Build.0 = Release|Any CPU
		{BF167694-796D-4036-93F0-21AF4593F5D3}.Debug|Any CPU.ActiveCfg = Debug|Any CPU
		{BF167694-796D-4036-93F0-21AF4593F5D3}.Debug|Any CPU.Build.0 = Debug|Any CPU
		{BF167694-796D-4036-93F0-21AF4593F5D3}.Release|Any CPU.ActiveCfg = Release|Any CPU
		{BF167694-796D-4036-93F0-21AF4593F5D3}.Release|Any CPU.Build.0 = Release|Any CPU
		{9BD3A3D3-2C87-42E8-BDB5-B9567937C6B9}.Debug|Any CPU.ActiveCfg = Debug|Any CPU
		{9BD3A3D3-2C87-42E8-BDB5-B9567937C6B9}.Debug|Any CPU.Build.0 = Debug|Any CPU
		{9BD3A3D3-2C87-42E8-BDB5-B9567937C6B9}.Release|Any CPU.ActiveCfg = Release|Any CPU
		{9BD3A3D3-2C87-42E8-BDB5-B9567937C6B9}.Release|Any CPU.Build.0 = Release|Any CPU
		{830520E7-FEF6-48B4-B2A8-3D1E85A1787F}.Debug|Any CPU.ActiveCfg = Debug|Any CPU
		{830520E7-FEF6-48B4-B2A8-3D1E85A1787F}.Debug|Any CPU.Build.0 = Debug|Any CPU
		{830520E7-FEF6-48B4-B2A8-3D1E85A1787F}.Release|Any CPU.ActiveCfg = Release|Any CPU
		{830520E7-FEF6-48B4-B2A8-3D1E85A1787F}.Release|Any CPU.Build.0 = Release|Any CPU
	EndGlobalSection
	GlobalSection(SolutionProperties) = preSolution
		HideSolutionNode = FALSE
	EndGlobalSection
	GlobalSection(ExtensibilityGlobals) = postSolution
		SolutionGuid = {65C38F14-BD35-4E24-9C78-260E8979720A}
	EndGlobalSection
EndGlobal
